{
  "name": "conciseredux",
  "version": "1.0.0",
  "lockfileVersion": 2,
  "requires": true,
  "packages": {
    "": {
      "name": "conciseredux",
      "version": "1.0.0",
      "license": "ISC",
      "devDependencies": {
        "@types/node": "^16.9.4"
      }
    },
    "node_modules/@types/node": {
      "version": "16.9.4",
      "resolved": "https://registry.nlark.com/@types/node/download/@types/node-16.9.4.tgz",
      "integrity": "sha1-oS8O54R88XqX9v3xCTy3qa8jzKQ=",
      "dev": true
    }
  },
  "dependencies": {
    "@types/node": {
      "version": "16.9.4",
      "resolved": "https://registry.nlark.com/@types/node/download/@types/node-16.9.4.tgz",
      "integrity": "sha1-oS8O54R88XqX9v3xCTy3qa8jzKQ=",
      "dev": true
    }
  }
}
